// !$*UTF8*$!
{
	archiveVersion = 1;
	classes = {
	};
	objectVersion = 48;
	objects = {

/* Begin PBXBuildFile section */
		B1E70CB11F7C973A0028D73D /* AppDelegate.m in Sources */ = {isa = PBXBuildFile; fileRef = B1E70CB01F7C973A0028D73D /* AppDelegate.m */; };
		B1E70CB41F7C973A0028D73D /* ViewController.m in Sources */ = {isa = PBXBuildFile; fileRef = B1E70CB31F7C973A0028D73D /* ViewController.m */; };
		B1E70CB71F7C973A0028D73D /* Main.storyboard in Resources */ = {isa = PBXBuildFile; fileRef = B1E70CB51F7C973A0028D73D /* Main.storyboard */; };
		B1E70CB91F7C973A0028D73D /* Assets.xcassets in Resources */ = {isa = PBXBuildFile; fileRef = B1E70CB81F7C973A0028D73D /* Assets.xcassets */; };
		B1E70CBC1F7C973A0028D73D /* LaunchScreen.storyboard in Resources */ = {isa = PBXBuildFile; fileRef = B1E70CBA1F7C973A0028D73D /* LaunchScreen.storyboard */; };
		B1E70CBF1F7C973A0028D73D /* main.m in Sources */ = {isa = PBXBuildFile; fileRef = B1E70CBE1F7C973A0028D73D /* main.m */; };
		B1E70CC91F7C973A0028D73D /* LOCKTests.m in Sources */ = {isa = PBXBuildFile; fileRef = B1E70CC81F7C973A0028D73D /* LOCKTests.m */; };
		B1E70CD41F7C973A0028D73D /* LOCKUITests.m in Sources */ = {isa = PBXBuildFile; fileRef = B1E70CD31F7C973A0028D73D /* LOCKUITests.m */; };
/* End PBXBuildFile section */

/* Begin PBXContainerItemProxy section */
		B1E70CC51F7C973A0028D73D /* PBXContainerItemProxy */ = {
			isa = PBXContainerItemProxy;
			containerPortal = B1E70CA41F7C973A0028D73D /* Project object */;
			proxyType = 1;
			remoteGlobalIDString = B1E70CAB1F7C973A0028D73D;
			remoteInfo = LOCK;
		};
		B1E70CD01F7C973A0028D73D /* PBXContainerItemProxy */ = {
			isa = PBXContainerItemProxy;
			containerPortal = B1E70CA41F7C973A0028D73D /* Project object */;
			proxyType = 1;
			remoteGlobalIDString = B1E70CAB1F7C973A0028D73D;
			remoteInfo = LOCK;
		};
/* End PBXContainerItemProxy section */

/* Begin PBXFileReference section */
		B1E70CAC1F7C973A0028D73D /* LOCK.app */ = {isa = PBXFileReference; explicitFileType = wrapper.application; includeInIndex = 0; path = LOCK.app; sourceTree = BUILT_PRODUCTS_DIR; };
		B1E70CAF1F7C973A0028D73D /* AppDelegate.h */ = {isa = PBXFileReference; lastKnownFileType = sourcecode.c.h; path = AppDelegate.h; sourceTree = "<group>"; };
		B1E70CB01F7C973A0028D73D /* AppDelegate.m */ = {isa = PBXFileReference; lastKnownFileType = sourcecode.c.objc; path = AppDelegate.m; sourceTree = "<group>"; };
		B1E70CB21F7C973A0028D73D /* ViewController.h */ = {isa = PBXFileReference; lastKnownFileType = sourcecode.c.h; path = ViewController.h; sourceTree = "<group>"; };
		B1E70CB31F7C973A0028D73D /* ViewController.m */ = {isa = PBXFileReference; lastKnownFileType = sourcecode.c.objc; path = ViewController.m; sourceTree = "<group>"; };
		B1E70CB61F7C973A0028D73D /* Base */ = {isa = PBXFileReference; lastKnownFileType = file.storyboard; name = Base; path = Base.lproj/Main.storyboard; sourceTree = "<group>"; };
		B1E70CB81F7C973A0028D73D /* Assets.xcassets */ = {isa = PBXFileReference; lastKnownFileType = folder.assetcatalog; path = Assets.xcassets; sourceTree = "<group>"; };
		B1E70CBB1F7C973A0028D73D /* Base */ = {isa = PBXFileReference; lastKnownFileType = file.storyboard; name = Base; path = Base.lproj/LaunchScreen.storyboard; sourceTree = "<group>"; };
		B1E70CBD1F7C973A0028D73D /* Info.plist */ = {isa = PBXFileReference; lastKnownFileType = text.plist.xml; path = Info.plist; sourceTree = "<group>"; };
		B1E70CBE1F7C973A0028D73D /* main.m */ = {isa = PBXFileReference; lastKnownFileType = sourcecode.c.objc; path = main.m; sourceTree = "<group>"; };
		B1E70CC41F7C973A0028D73D /* LOCKTests.xctest */ = {isa = PBXFileReference; explicitFileType = wrapper.cfbundle; includeInIndex = 0; path = LOCKTests.xctest; sourceTree = BUILT_PRODUCTS_DIR; };
		B1E70CC81F7C973A0028D73D /* LOCKTests.m */ = {isa = PBXFileReference; lastKnownFileType = sourcecode.c.objc; path = LOCKTests.m; sourceTree = "<group>"; };
		B1E70CCA1F7C973A0028D73D /* Info.plist */ = {isa = PBXFileReference; lastKnownFileType = text.plist.xml; path = Info.plist; sourceTree = "<group>"; };
		B1E70CCF1F7C973A0028D73D /* LOCKUITests.xctest */ = {isa = PBXFileReference; explicitFileType = wrapper.cfbundle; includeInIndex = 0; path = LOCKUITests.xctest; sourceTree = BUILT_PRODUCTS_DIR; };
		B1E70CD31F7C973A0028D73D /* LOCKUITests.m */ = {isa = PBXFileReference; lastKnownFileType = sourcecode.c.objc; path = LOCKUITests.m; sourceTree = "<group>"; };
		B1E70CD51F7C973A0028D73D /* Info.plist */ = {isa = PBXFileReference; lastKnownFileType = text.plist.xml; path = Info.plist; sourceTree = "<group>"; };
/* End PBXFileReference section */

/* Begin PBXFrameworksBuildPhase section */
		B1E70CA91F7C973A0028D73D /* Frameworks */ = {
			isa = PBXFrameworksBuildPhase;
			buildActionMask = 2147483647;
			files = (
			);
			runOnlyForDeploymentPostprocessing = 0;
		};
		B1E70CC11F7C973A0028D73D /* Frameworks */ = {
			isa = PBXFrameworksBuildPhase;
			buildActionMask = 2147483647;
			files = (
			);
			runOnlyForDeploymentPostprocessing = 0;
		};
		B1E70CCC1F7C973A0028D73D /* Frameworks */ = {
			isa = PBXFrameworksBuildPhase;
			buildActionMask = 2147483647;
			files = (
			);
			runOnlyForDeploymentPostprocessing = 0;
		};
/* End PBXFrameworksBuildPhase section */

/* Begin PBXGroup section */
		B1E70CA31F7C973A0028D73D = {
			isa = PBXGroup;
			children = (
				B1E70CAE1F7C973A0028D73D /* LOCK */,
				B1E70CC71F7C973A0028D73D /* LOCKTests */,
				B1E70CD21F7C973A0028D73D /* LOCKUITests */,
				B1E70CAD1F7C973A0028D73D /* Products */,
			);
			sourceTree = "<group>";
		};
		B1E70CAD1F7C973A0028D73D /* Products */ = {
			isa = PBXGroup;
			children = (
				B1E70CAC1F7C973A0028D73D /* LOCK.app */,
				B1E70CC41F7C973A0028D73D /* LOCKTests.xctest */,
				B1E70CCF1F7C973A0028D73D /* LOCKUITests.xctest */,
			);
			name = Products;
			sourceTree = "<group>";
		};
		B1E70CAE1F7C973A0028D73D /* LOCK */ = {
			isa = PBXGroup;
			children = (
				B1E70CAF1F7C973A0028D73D /* AppDelegate.h */,
				B1E70CB01F7C973A0028D73D /* AppDelegate.m */,
				B1E70CB21F7C973A0028D73D /* ViewController.h */,
				B1E70CB31F7C973A0028D73D /* ViewController.m */,
				B1E70CB51F7C973A0028D73D /* Main.storyboard */,
				B1E70CB81F7C973A0028D73D /* Assets.xcassets */,
				B1E70CBA1F7C973A0028D73D /* LaunchScreen.storyboard */,
				B1E70CBD1F7C973A0028D73D /* Info.plist */,
				B1E70CBE1F7C973A0028D73D /* main.m */,
			);
			path = LOCK;
			sourceTree = "<group>";
		};
		B1E70CC71F7C973A0028D73D /* LOCKTests */ = {
			isa = PBXGroup;
			children = (
				B1E70CC81F7C973A0028D73D /* LOCKTests.m */,
				B1E70CCA1F7C973A0028D73D /* Info.plist */,
			);
			path = LOCKTests;
			sourceTree = "<group>";
		};
		B1E70CD21F7C973A0028D73D /* LOCKUITests */ = {
			isa = PBXGroup;
			children = (
				B1E70CD31F7C973A0028D73D /* LOCKUITests.m */,
				B1E70CD51F7C973A0028D73D /* Info.plist */,
			);
			path = LOCKUITests;
			sourceTree = "<group>";
		};
/* End PBXGroup section */

/* Begin PBXNativeTarget section */
		B1E70CAB1F7C973A0028D73D /* LOCK */ = {
			isa = PBXNativeTarget;
			buildConfigurationList = B1E70CD81F7C973A0028D73D /* Build configuration list for PBXNativeTarget "LOCK" */;
			buildPhases = (
				B1E70CA81F7C973A0028D73D /* Sources */,
				B1E70CA91F7C973A0028D73D /* Frameworks */,
				B1E70CAA1F7C973A0028D73D /* Resources */,
			);
			buildRules = (
			);
			dependencies = (
			);
			name = LOCK;
			productName = LOCK;
			productReference = B1E70CAC1F7C973A0028D73D /* LOCK.app */;
			productType = "com.apple.product-type.application";
		};
		B1E70CC31F7C973A0028D73D /* LOCKTests */ = {
			isa = PBXNativeTarget;
			buildConfigurationList = B1E70CDB1F7C973A0028D73D /* Build configuration list for PBXNativeTarget "LOCKTests" */;
			buildPhases = (
				B1E70CC01F7C973A0028D73D /* Sources */,
				B1E70CC11F7C973A0028D73D /* Frameworks */,
				B1E70CC21F7C973A0028D73D /* Resources */,
			);
			buildRules = (
			);
			dependencies = (
				B1E70CC61F7C973A0028D73D /* PBXTargetDependency */,
			);
			name = LOCKTests;
			productName = LOCKTests;
			productReference = B1E70CC41F7C973A0028D73D /* LOCKTests.xctest */;
			productType = "com.apple.product-type.bundle.unit-test";
		};
		B1E70CCE1F7C973A0028D73D /* LOCKUITests */ = {
			isa = PBXNativeTarget;
			buildConfigurationList = B1E70CDE1F7C973A0028D73D /* Build configuration list for PBXNativeTarget "LOCKUITests" */;
			buildPhases = (
				B1E70CCB1F7C973A0028D73D /* Sources */,
				B1E70CCC1F7C973A0028D73D /* Frameworks */,
				B1E70CCD1F7C973A0028D73D /* Resources */,
			);
			buildRules = (
			);
			dependencies = (
				B1E70CD11F7C973A0028D73D /* PBXTargetDependency */,
			);
			name = LOCKUITests;
			productName = LOCKUITests;
			productReference = B1E70CCF1F7C973A0028D73D /* LOCKUITests.xctest */;
			productType = "com.apple.product-type.bundle.ui-testing";
		};
/* End PBXNativeTarget section */

/* Begin PBXProject section */
		B1E70CA41F7C973A0028D73D /* Project object */ = {
			isa = PBXProject;
			attributes = {
				LastUpgradeCheck = 0900;
				ORGANIZATIONNAME = JHW;
				TargetAttributes = {
					B1E70CAB1F7C973A0028D73D = {
						CreatedOnToolsVersion = 9.0;
						ProvisioningStyle = Automatic;
					};
					B1E70CC31F7C973A0028D73D = {
						CreatedOnToolsVersion = 9.0;
						ProvisioningStyle = Automatic;
						TestTargetID = B1E70CAB1F7C973A0028D73D;
					};
					B1E70CCE1F7C973A0028D73D = {
						CreatedOnToolsVersion = 9.0;
						ProvisioningStyle = Automatic;
						TestTargetID = B1E70CAB1F7C973A0028D73D;
					};
				};
			};
			buildConfigurationList = B1E70CA71F7C973A0028D73D /* Build configuration list for PBXProject "LOCK" */;
			compatibilityVersion = "Xcode 8.0";
			developmentRegion = en;
			hasScannedForEncodings = 0;
			knownRegions = (
				en,
				Base,
			);
			mainGroup = B1E70CA31F7C973A0028D73D;
			productRefGroup = B1E70CAD1F7C973A0028D73D /* Products */;
			projectDirPath = "";
			projectRoot = "";
			targets = (
				B1E70CAB1F7C973A0028D73D /* LOCK */,
				B1E70CC31F7C973A0028D73D /* LOCKTests */,
				B1E70CCE1F7C973A0028D73D /* LOCKUITests */,
			);
		};
/* End PBXProject section */

/* Begin PBXResourcesBuildPhase section */
		B1E70CAA1F7C973A0028D73D /* Resources */ = {
			isa = PBXResourcesBuildPhase;
			buildActionMask = 2147483647;
			files = (
				B1E70CBC1F7C973A0028D73D /* LaunchScreen.storyboard in Resources */,
				B1E70CB91F7C973A0028D73D /* Assets.xcassets in Resources */,
				B1E70CB71F7C973A0028D73D /* Main.storyboard in Resources */,
			);
			runOnlyForDeploymentPostprocessing = 0;
		};
		B1E70CC21F7C973A0028D73D /* Resources */ = {
			isa = PBXResourcesBuildPhase;
			buildActionMask = 2147483647;
			files = (
			);
			runOnlyForDeploymentPostprocessing = 0;
		};
		B1E70CCD1F7C973A0028D73D /* Resources */ = {
			isa = PBXResourcesBuildPhase;
			buildActionMask = 2147483647;
			files = (
			);
			runOnlyForDeploymentPostprocessing = 0;
		};
/* End PBXResourcesBuildPhase section */

/* Begin PBXSourcesBuildPhase section */
		B1E70CA81F7C973A0028D73D /* Sources */ = {
			isa = PBXSourcesBuildPhase;
			buildActionMask = 2147483647;
			files = (
				B1E70CB41F7C973A0028D73D /* ViewController.m in Sources */,
				B1E70CBF1F7C973A0028D73D /* main.m in Sources */,
				B1E70CB11F7C973A0028D73D /* AppDelegate.m in Sources */,
			);
			runOnlyForDeploymentPostprocessing = 0;
		};
		B1E70CC01F7C973A0028D73D /* Sources */ = {
			isa = PBXSourcesBuildPhase;
			buildActionMask = 2147483647;
			files = (
				B1E70CC91F7C973A0028D73D /* LOCKTests.m in Sources */,
			);
			runOnlyForDeploymentPostprocessing = 0;
		};
		B1E70CCB1F7C973A0028D73D /* Sources */ = {
			isa = PBXSourcesBuildPhase;
			buildActionMask = 2147483647;
			files = (
				B1E70CD41F7C973A0028D73D /* LOCKUITests.m in Sources */,
			);
			runOnlyForDeploymentPostprocessing = 0;
		};
/* End PBXSourcesBuildPhase section */

/* Begin PBXTargetDependency section */
		B1E70CC61F7C973A0028D73D /* PBXTargetDependency */ = {
			isa = PBXTargetDependency;
			target = B1E70CAB1F7C973A0028D73D /* LOCK */;
			targetProxy = B1E70CC51F7C973A0028D73D /* PBXContainerItemProxy */;
		};
		B1E70CD11F7C973A0028D73D /* PBXTargetDependency */ = {
			isa = PBXTargetDependency;
			target = B1E70CAB1F7C973A0028D73D /* LOCK */;
			targetProxy = B1E70CD01F7C973A0028D73D /* PBXContainerItemProxy */;
		};
/* End PBXTargetDependency section */

/* Begin PBXVariantGroup section */
		B1E70CB51F7C973A0028D73D /* Main.storyboard */ = {
			isa = PBXVariantGroup;
			children = (
				B1E70CB61F7C973A0028D73D /* Base */,
			);
			name = Main.storyboard;
			sourceTree = "<group>";
		};
		B1E70CBA1F7C973A0028D73D /* LaunchScreen.storyboard */ = {
			isa = PBXVariantGroup;
			children = (
				B1E70CBB1F7C973A0028D73D /* Base */,
			);
			name = LaunchScreen.storyboard;
			sourceTree = "<group>";
		};
/* End PBXVariantGroup section */

/* Begin XCBuildConfiguration section */
		B1E70CD61F7C973A0028D73D /* Debug */ = {
			isa = XCBuildConfiguration;
			buildSettings = {
				ALWAYS_SEARCH_USER_PATHS = NO;
				CLANG_ANALYZER_NONNULL = YES;
				CLANG_ANALYZER_NUMBER_OBJECT_CONVERSION = YES_AGGRESSIVE;
				CLANG_CXX_LANGUAGE_STANDARD = "gnu++14";
				CLANG_CXX_LIBRARY = "libc++";
				CLANG_ENABLE_MODULES = YES;
				CLANG_ENABLE_OBJC_ARC = YES;
				CLANG_WARN_BLOCK_CAPTURE_AUTORELEASING = YES;
				CLANG_WARN_BOOL_CONVERSION = YES;
				CLANG_WARN_COMMA = YES;
				CLANG_WARN_CONSTANT_CONVERSION = YES;
				CLANG_WARN_DIRECT_OBJC_ISA_USAGE = YES_ERROR;
				CLANG_WARN_DOCUMENTATION_COMMENTS = YES;
				CLANG_WARN_EMPTY_BODY = YES;
				CLANG_WARN_ENUM_CONVERSION = YES;
				CLANG_WARN_INFINITE_RECURSION = YES;
				CLANG_WARN_INT_CONVERSION = YES;
				CLANG_WARN_NON_LITERAL_NULL_CONVERSION = YES;
				CLANG_WARN_OBJC_LITERAL_CONVERSION = YES;
				CLANG_WARN_OBJC_ROOT_CLASS = YES_ERROR;
				CLANG_WARN_RANGE_LOOP_ANALYSIS = YES;
				CLANG_WARN_STRICT_PROTOTYPES = YES;
				CLANG_WARN_SUSPICIOUS_MOVE = YES;
				CLANG_WARN_UNGUARDED_AVAILABILITY = YES_AGGRESSIVE;
				CLANG_WARN_UNREACHABLE_CODE = YES;
				CLANG_WARN__DUPLICATE_METHOD_MATCH = YES;
				CODE_SIGN_IDENTITY = "iPhone Developer";
				COPY_PHASE_STRIP = NO;
				DEBUG_INFORMATION_FORMAT = dwarf;
				ENABLE_STRICT_OBJC_MSGSEND = YES;
				ENABLE_TESTABILITY = YES;
				GCC_C_LANGUAGE_STANDARD = gnu11;
				GCC_DYNAMIC_NO_PIC = NO;
				GCC_NO_COMMON_BLOCKS = YES;
				GCC_OPTIMIZATION_LEVEL = 0;
				GCC_PREPROCESSOR_DEFINITIONS = (
					"DEBUG=1",
					"$(inherited)",
				);
				GCC_WARN_64_TO_32_BIT_CONVERSION = YES;
				GCC_WARN_ABOUT_RETURN_TYPE = YES_ERROR;
				GCC_WARN_UNDECLARED_SELECTOR = YES;
				GCC_WARN_UNINITIALIZED_AUTOS = YES_AGGRESSIVE;
				GCC_WARN_UNUSED_FUNCTION = YES;
				GCC_WARN_UNUSED_VARIABLE = YES;
				IPHONEOS_DEPLOYMENT_TARGET = 11.0;
				MTL_ENABLE_DEBUG_INFO = YES;
				ONLY_ACTIVE_ARCH = YES;
				SDKROOT = iphoneos;
			};
			name = Debug;
		};
		B1E70CD71F7C973A0028D73D /* Release */ = {
			isa = XCBuildConfiguration;
			buildSettings = {
				ALWAYS_SEARCH_USER_PATHS = NO;
				CLANG_ANALYZER_NONNULL = YES;
				CLANG_ANALYZER_NUMBER_OBJECT_CONVERSION = YES_AGGRESSIVE;
				CLANG_CXX_LANGUAGE_STANDARD = "gnu++14";
				CLANG_CXX_LIBRARY = "libc++";
				CLANG_ENABLE_MODULES = YES;
				CLANG_ENABLE_OBJC_ARC = YES;
				CLANG_WARN_BLOCK_CAPTURE_AUTORELEASING = YES;
				CLANG_WARN_BOOL_CONVERSION = YES;
				CLANG_WARN_COMMA = YES;
				CLANG_WARN_CONSTANT_CONVERSION = YES;
				CLANG_WARN_DIRECT_OBJC_ISA_USAGE = YES_ERROR;
				CLANG_WARN_DOCUMENTATION_COMMENTS = YES;
				CLANG_WARN_EMPTY_BODY = YES;
				CLANG_WARN_ENUM_CONVERSION = YES;
				CLANG_WARN_INFINITE_RECURSION = YES;
				CLANG_WARN_INT_CONVERSION = YES;
				CLANG_WARN_NON_LITERAL_NULL_CONVERSION = YES;
				CLANG_WARN_OBJC_LITERAL_CONVERSION = YES;
				CLANG_WARN_OBJC_ROOT_CLASS = YES_ERROR;
				CLANG_WARN_RANGE_LOOP_ANALYSIS = YES;
				CLANG_WARN_STRICT_PROTOTYPES = YES;
				CLANG_WARN_SUSPICIOUS_MOVE = YES;
				CLANG_WARN_UNGUARDED_AVAILABILITY = YES_AGGRESSIVE;
				CLANG_WARN_UNREACHABLE_CODE = YES;
				CLANG_WARN__DUPLICATE_METHOD_MATCH = YES;
				CODE_SIGN_IDENTITY = "iPhone Developer";
				COPY_PHASE_STRIP = NO;
				DEBUG_INFORMATION_FORMAT = "dwarf-with-dsym";
				ENABLE_NS_ASSERTIONS = NO;
				ENABLE_STRICT_OBJC_MSGSEND = YES;
				GCC_C_LANGUAGE_STANDARD = gnu11;
				GCC_NO_COMMON_BLOCKS = YES;
				GCC_WARN_64_TO_32_BIT_CONVERSION = YES;
				GCC_WARN_ABOUT_RETURN_TYPE = YES_ERROR;
				GCC_WARN_UNDECLARED_SELECTOR = YES;
				GCC_WARN_UNINITIALIZED_AUTOS = YES_AGGRESSIVE;
				GCC_WARN_UNUSED_FUNCTION = YES;
				GCC_WARN_UNUSED_VARIABLE = YES;
				IPHONEOS_DEPLOYMENT_TARGET = 11.0;
				MTL_ENABLE_DEBUG_INFO = NO;
				SDKROOT = iphoneos;
				VALIDATE_PRODUCT = YES;
			};
			name = Release;
		};
		B1E70CD91F7C973A0028D73D /* Debug */ = {
			isa = XCBuildConfiguration;
			buildSettings = {
				ASSETCATALOG_COMPILER_APPICON_NAME = AppIcon;
				CODE_SIGN_STYLE = Automatic;
				DEVELOPMENT_TEAM = ACQAWG8489;
				INFOPLIST_FILE = LOCK/Info.plist;
				LD_RUNPATH_SEARCH_PATHS = "$(inherited) @executable_path/Frameworks";
				PRODUCT_BUNDLE_IDENTIFIER = JHW.com.LOCK;
				PRODUCT_NAME = "$(TARGET_NAME)";
				TARGETED_DEVICE_FAMILY = "1,2";
			};
			name = Debug;
		};
		B1E70CDA1F7C973A0028D73D /* Release */ = {
			isa = XCBuildConfiguration;
			buildSettings = {
				ASSETCATALOG_COMPILER_APPICON_NAME = AppIcon;
				CODE_SIGN_STYLE = Automatic;
				DEVELOPMENT_TEAM = ACQAWG8489;
				INFOPLIST_FILE = LOCK/Info.plist;
				LD_RUNPATH_SEARCH_PATHS = "$(inherited) @executable_path/Frameworks";
				PRODUCT_BUNDLE_IDENTIFIER = JHW.com.LOCK;
				PRODUCT_NAME = "$(TARGET_NAME)";
				TARGETED_DEVICE_FAMILY = "1,2";
			};
			name = Release;
		};
		B1E70CDC1F7C973A0028D73D /* Debug */ = {
			isa = XCBuildConfiguration;
			buildSettings = {
				BUNDLE_LOADER = "$(TEST_HOST)";
				CODE_SIGN_STYLE = Automatic;
				DEVELOPMENT_TEAM = ACQAWG8489;
				INFOPLIST_FILE = LOCKTests/Info.plist;
				LD_RUNPATH_SEARCH_PATHS = "$(inherited) @executable_path/Frameworks @loader_path/Frameworks";
				PRODUCT_BUNDLE_IDENTIFIER = JHW.com.LOCKTests;
				PRODUCT_NAME = "$(TARGET_NAME)";
				TARGETED_DEVICE_FAMILY = "1,2";
				TEST_HOST = "$(BUILT_PRODUCTS_DIR)/LOCK.app/LOCK";
			};
			name = Debug;
		};
		B1E70CDD1F7C973A0028D73D /* Release */ = {
			isa = XCBuildConfiguration;
			buildSettings = {
				BUNDLE_LOADER = "$(TEST_HOST)";
				CODE_SIGN_STYLE = Automatic;
				DEVELOPMENT_TEAM = ACQAWG8489;
				INFOPLIST_FILE = LOCKTests/Info.plist;
				LD_RUNPATH_SEARCH_PATHS = "$(inherited) @executable_path/Frameworks @loader_path/Frameworks";
				PRODUCT_BUNDLE_IDENTIFIER = JHW.com.LOCKTests;
				PRODUCT_NAME = "$(TARGET_NAME)";
				TARGETED_DEVICE_FAMILY = "1,2";
				TEST_HOST = "$(BUILT_PRODUCTS_DIR)/LOCK.app/LOCK";
			};
			name = Release;
		};
		B1E70CDF1F7C973A0028D73D /* Debug */ = {
			isa = XCBuildConfiguration;
			buildSettings = {
				CODE_SIGN_STYLE = Automatic;
				DEVELOPMENT_TEAM = ACQAWG8489;
				INFOPLIST_FILE = LOCKUITests/Info.plist;
				LD_RUNPATH_SEARCH_PATHS = "$(inherited) @executable_path/Frameworks @loader_path/Frameworks";
				PRODUCT_BUNDLE_IDENTIFIER = JHW.com.LOCKUITests;
				PRODUCT_NAME = "$(TARGET_NAME)";
				TARGETED_DEVICE_FAMILY = "1,2";
				TEST_TARGET_NAME = LOCK;
			};
			name = Debug;
		};
		B1E70CE01F7C973A0028D73D /* Release */ = {
			isa = XCBuildConfiguration;
			buildSettings = {
				CODE_SIGN_STYLE = Automatic;
				DEVELOPMENT_TEAM = ACQAWG8489;
				INFOPLIST_FILE = LOCKUITests/Info.plist;
				LD_RUNPATH_SEARCH_PATHS = "$(inherited) @executable_path/Frameworks @loader_path/Frameworks";
				PRODUCT_BUNDLE_IDENTIFIER = JHW.com.LOCKUITests;
				PRODUCT_NAME = "$(TARGET_NAME)";
				TARGETED_DEVICE_FAMILY = "1,2";
				TEST_TARGET_NAME = LOCK;
			};
			name = Release;
		};
/* End XCBuildConfiguration section */

/* Begin XCConfigurationList section */
		B1E70CA71F7C973A0028D73D /* Build configuration list for PBXProject "LOCK" */ = {
			isa = XCConfigurationList;
			buildConfigurations = (
				B1E70CD61F7C973A0028D73D /* Debug */,
				B1E70CD71F7C973A0028D73D /* Release */,
			);
			defaultConfigurationIsVisible = 0;
			defaultConfigurationName = Release;
		};
		B1E70CD81F7C973A0028D73D /* Build configuration list for PBXNativeTarget "LOCK" */ = {
			isa = XCConfigurationList;
			buildConfigurations = (
				B1E70CD91F7C973A0028D73D /* Debug */,
				B1E70CDA1F7C973A0028D73D /* Release */,
			);
			defaultConfigurationIsVisible = 0;
			defaultConfigurationName = Release;
		};
		B1E70CDB1F7C973A0028D73D /* Build configuration list for PBXNativeTarget "LOCKTests" */ = {
			isa = XCConfigurationList;
			buildConfigurations = (
				B1E70CDC1F7C973A0028D73D /* Debug */,
				B1E70CDD1F7C973A0028D73D /* Release */,
			);
			defaultConfigurationIsVisible = 0;
			defaultConfigurationName = Release;
		};
		B1E70CDE1F7C973A0028D73D /* Build configuration list for PBXNativeTarget "LOCKUITests" */ = {
			isa = XCConfigurationList;
			buildConfigurations = (
				B1E70CDF1F7C973A0028D73D /* Debug */,
				B1E70CE01F7C973A0028D73D /* Release */,
			);
			defaultConfigurationIsVisible = 0;
			defaultConfigurationName = Release;
		};
/* End XCConfigurationList section */
	};
	rootObject = B1E70CA41F7C973A0028D73D /* Project object */;
}
